
Microsoft Visual Studio Solution File, Format Version 12.00
# Visual Studio 2013
VisualStudioVersion = 12.0.30324.0
MinimumVisualStudioVersion = 10.0.40219.1
Project("{54435603-DBB4-11D2-8724-00A0C9A8B90C}") = "SetupRevomanu", "SetupRevomanu\SetupRevomanu.vdproj", "{7C135CE6-DDC6-43B2-981A-65F9961A41A3}"
EndProject
Global
	GlobalSection(SolutionConfigurationPlatforms) = preSolution
		Debug|Default = Debug|Default
		Release|Default = Release|Default
	EndGlobalSection
	GlobalSection(ProjectConfigurationPlatforms) = postSolution
		{7C135CE6-DDC6-43B2-981A-65F9961A41A3}.Debug|Default.ActiveCfg = Release
		{7C135CE6-DDC6-43B2-981A-65F9961A41A3}.Debug|Default.Build.0 = Release
		{7C135CE6-DDC6-43B2-981A-65F9961A41A3}.Release|Default.ActiveCfg = Release
		{7C135CE6-DDC6-43B2-981A-65F9961A41A3}.Release|Default.Build.0 = Release
	EndGlobalSection
	GlobalSection(SolutionProperties) = preSolution
		HideSolutionNode = FALSE
	EndGlobalSection
EndGlobal
